
Microsoft Visual Studio Solution File, Format Version 12.00
# Visual Studio Version 16
VisualStudioVersion = 16.0.31729.503
MinimumVisualStudioVersion = 10.0.40219.1
Project("{FAE04EC0-301F-11D3-BF4B-00C04F79EFBC}") = "Recap Demo 8lik Dama Tahtasi", "Recap Demo\Recap Demo 8lik Dama Tahtasi.csproj", "{B5DEC32D-3DB0-4497-AEA2-B6FFAC37B007}"
EndProject
Global
	GlobalSection(SolutionConfigurationPlatforms) = preSolution
		Debug|Any CPU = Debug|Any CPU
		Release|Any CPU = Release|Any CPU
	EndGlobalSection
	GlobalSection(ProjectConfigurationPlatforms) = postSolution
		{B5DEC32D-3DB0-4497-AEA2-B6FFAC37B007}.Debug|Any CPU.ActiveCfg = Debug|Any CPU
		{B5DEC32D-3DB0-4497-AEA2-B6FFAC37B007}.Debug|Any CPU.Build.0 = Debug|Any CPU
		{B5DEC32D-3DB0-4497-AEA2-B6FFAC37B007}.Release|Any CPU.ActiveCfg = Release|Any CPU
		{B5DEC32D-3DB0-4497-AEA2-B6FFAC37B007}.Release|Any CPU.Build.0 = Release|Any CPU
	EndGlobalSection
	GlobalSection(SolutionProperties) = preSolution
		HideSolutionNode = FALSE
	EndGlobalSection
	GlobalSection(ExtensibilityGlobals) = postSolution
		SolutionGuid = {698C1B18-AECA-4B06-BD47-016F27F05467}
	EndGlobalSection
EndGlobal
